
Microsoft Visual Studio Solution File, Format Version 12.00
# Visual Studio Version 16
VisualStudioVersion = 16.0.31410.357
MinimumVisualStudioVersion = 10.0.40219.1
Project("{FAE04EC0-301F-11D3-BF4B-00C04F79EFBC}") = "ToDos", "ToDos.csproj", "{AA6412A9-72A9-4308-B262-3D603B0D5EF3}"
EndProject
Global
	GlobalSection(SolutionConfigurationPlatforms) = preSolution
		Debug|Any CPU = Debug|Any CPU
		Release|Any CPU = Release|Any CPU
	EndGlobalSection
	GlobalSection(ProjectConfigurationPlatforms) = postSolution
		{AA6412A9-72A9-4308-B262-3D603B0D5EF3}.Debug|Any CPU.ActiveCfg = Debug|Any CPU
		{AA6412A9-72A9-4308-B262-3D603B0D5EF3}.Debug|Any CPU.Build.0 = Debug|Any CPU
		{AA6412A9-72A9-4308-B262-3D603B0D5EF3}.Release|Any CPU.ActiveCfg = Release|Any CPU
		{AA6412A9-72A9-4308-B262-3D603B0D5EF3}.Release|Any CPU.Build.0 = Release|Any CPU
	EndGlobalSection
	GlobalSection(SolutionProperties) = preSolution
		HideSolutionNode = FALSE
	EndGlobalSection
	GlobalSection(ExtensibilityGlobals) = postSolution
		SolutionGuid = {78E7C4DD-A28A-49D0-995E-3083BB6C8C42}
	EndGlobalSection
EndGlobal
